
Microsoft Visual Studio Solution File, Format Version 12.00
# Visual Studio Version 17
VisualStudioVersion = 17.3.32901.215
MinimumVisualStudioVersion = 10.0.40219.1
Project("{FAE04EC0-301F-11D3-BF4B-00C04F79EFBC}") = "StackUsingLinkedList", "StackAndQueues\StackUsingLinkedList.csproj", "{47F3BEDE-68CC-44B1-8313-BD485BA3EC1F}"
EndProject
Project("{FAE04EC0-301F-11D3-BF4B-00C04F79EFBC}") = "QueueUsingLinkedList", "QueueUsingLinkedList\QueueUsingLinkedList.csproj", "{C1C042C3-822F-4262-B009-99770C4D14C4}"
EndProject
Global
	GlobalSection(SolutionConfigurationPlatforms) = preSolution
		Debug|Any CPU = Debug|Any CPU
		Release|Any CPU = Release|Any CPU
	EndGlobalSection
	GlobalSection(ProjectConfigurationPlatforms) = postSolution
		{47F3BEDE-68CC-44B1-8313-BD485BA3EC1F}.Debug|Any CPU.ActiveCfg = Debug|Any CPU
		{47F3BEDE-68CC-44B1-8313-BD485BA3EC1F}.Debug|Any CPU.Build.0 = Debug|Any CPU
		{47F3BEDE-68CC-44B1-8313-BD485BA3EC1F}.Release|Any CPU.ActiveCfg = Release|Any CPU
		{47F3BEDE-68CC-44B1-8313-BD485BA3EC1F}.Release|Any CPU.Build.0 = Release|Any CPU
		{C1C042C3-822F-4262-B009-99770C4D14C4}.Debug|Any CPU.ActiveCfg = Debug|Any CPU
		{C1C042C3-822F-4262-B009-99770C4D14C4}.Debug|Any CPU.Build.0 = Debug|Any CPU
		{C1C042C3-822F-4262-B009-99770C4D14C4}.Release|Any CPU.ActiveCfg = Release|Any CPU
		{C1C042C3-822F-4262-B009-99770C4D14C4}.Release|Any CPU.Build.0 = Release|Any CPU
	EndGlobalSection
	GlobalSection(SolutionProperties) = preSolution
		HideSolutionNode = FALSE
	EndGlobalSection
	GlobalSection(ExtensibilityGlobals) = postSolution
		SolutionGuid = {367116D6-42AD-4E37-A0AF-9B2CF63307DD}
	EndGlobalSection
EndGlobal
